
Microsoft Visual Studio Solution File, Format Version 12.00
# Visual Studio Version 17
VisualStudioVersion = 17.0.31903.59
MinimumVisualStudioVersion = 10.0.40219.1
Project("{FAE04EC0-301F-11D3-BF4B-00C04F79EFBC}") = "YourProject.Api", "..\src\Services\YourProject\YourProject.Api\YourProject.Api.csproj", "{8E81743E-D130-4372-8C6C-2132034845F0}"
EndProject
Project("{FAE04EC0-301F-11D3-BF4B-00C04F79EFBC}") = "YourProject.Domain", "..\src\Services\YourProject\YourProject.Domain\YourProject.Domain.csproj", "{0C870D50-ACB6-4EFC-8170-26A57B6DE77E}"
EndProject
Project("{FAE04EC0-301F-11D3-BF4B-00C04F79EFBC}") = "YourProject.Application", "..\src\Services\YourProject\YourProject.Application\YourProject.Application.csproj", "{0745E72B-6D6A-4384-8A16-9DDF45584098}"
EndProject
Project("{FAE04EC0-301F-11D3-BF4B-00C04F79EFBC}") = "YourProject.Infrastructure", "..\src\Services\YourProject\YourProject.Infrastructure\YourProject.Infrastructure.csproj", "{253782CA-F2B8-48DC-8300-B2BBD94EFF05}"
EndProject
Global
	GlobalSection(SolutionConfigurationPlatforms) = preSolution
		Debug|Any CPU = Debug|Any CPU
		Release|Any CPU = Release|Any CPU
	EndGlobalSection
	GlobalSection(SolutionProperties) = preSolution
		HideSolutionNode = FALSE
	EndGlobalSection
	GlobalSection(ProjectConfigurationPlatforms) = postSolution
		{8E81743E-D130-4372-8C6C-2132034845F0}.Debug|Any CPU.ActiveCfg = Debug|Any CPU
		{8E81743E-D130-4372-8C6C-2132034845F0}.Debug|Any CPU.Build.0 = Debug|Any CPU
		{8E81743E-D130-4372-8C6C-2132034845F0}.Release|Any CPU.ActiveCfg = Release|Any CPU
		{8E81743E-D130-4372-8C6C-2132034845F0}.Release|Any CPU.Build.0 = Release|Any CPU
		{0C870D50-ACB6-4EFC-8170-26A57B6DE77E}.Debug|Any CPU.ActiveCfg = Debug|Any CPU
		{0C870D50-ACB6-4EFC-8170-26A57B6DE77E}.Debug|Any CPU.Build.0 = Debug|Any CPU
		{0C870D50-ACB6-4EFC-8170-26A57B6DE77E}.Release|Any CPU.ActiveCfg = Release|Any CPU
		{0C870D50-ACB6-4EFC-8170-26A57B6DE77E}.Release|Any CPU.Build.0 = Release|Any CPU
		{0745E72B-6D6A-4384-8A16-9DDF45584098}.Debug|Any CPU.ActiveCfg = Debug|Any CPU
		{0745E72B-6D6A-4384-8A16-9DDF45584098}.Debug|Any CPU.Build.0 = Debug|Any CPU
		{0745E72B-6D6A-4384-8A16-9DDF45584098}.Release|Any CPU.ActiveCfg = Release|Any CPU
		{0745E72B-6D6A-4384-8A16-9DDF45584098}.Release|Any CPU.Build.0 = Release|Any CPU
		{253782CA-F2B8-48DC-8300-B2BBD94EFF05}.Debug|Any CPU.ActiveCfg = Debug|Any CPU
		{253782CA-F2B8-48DC-8300-B2BBD94EFF05}.Debug|Any CPU.Build.0 = Debug|Any CPU
		{253782CA-F2B8-48DC-8300-B2BBD94EFF05}.Release|Any CPU.ActiveCfg = Release|Any CPU
		{253782CA-F2B8-48DC-8300-B2BBD94EFF05}.Release|Any CPU.Build.0 = Release|Any CPU
	EndGlobalSection
EndGlobal
